// !$*UTF8*$!
{
	archiveVersion = 1;
	classes = {
	};
	objectVersion = 48;
	objects = {

/* Begin PBXBuildFile section */
		220B70E81FAA56660025DD20 /* AILogic.swift in Sources */ = {isa = PBXBuildFile; fileRef = 220B70E71FAA56660025DD20 /* AILogic.swift */; };
		220B70EA1FAA58100025DD20 /* RightMessageCell.swift in Sources */ = {isa = PBXBuildFile; fileRef = 220B70E91FAA58100025DD20 /* RightMessageCell.swift */; };
		2240697F1FAA0B6D0086C8BD /* MessengerInput.swift in Sources */ = {isa = PBXBuildFile; fileRef = 2240697E1FAA0B6D0086C8BD /* MessengerInput.swift */; };
		224069811FAA1E810086C8BD /* InputType.swift in Sources */ = {isa = PBXBuildFile; fileRef = 224069801FAA1E810086C8BD /* InputType.swift */; };
		224069831FAA22BC0086C8BD /* MessengerBehavoirDelegate.swift in Sources */ = {isa = PBXBuildFile; fileRef = 224069821FAA22BC0086C8BD /* MessengerBehavoirDelegate.swift */; };
		2278BE191FA9E7160015FD73 /* AppDelegate.swift in Sources */ = {isa = PBXBuildFile; fileRef = 2278BE181FA9E7160015FD73 /* AppDelegate.swift */; };
		2278BE1B1FA9E7160015FD73 /* ChatViewController.swift in Sources */ = {isa = PBXBuildFile; fileRef = 2278BE1A1FA9E7160015FD73 /* ChatViewController.swift */; };
		2278BE201FA9E7160015FD73 /* Assets.xcassets in Resources */ = {isa = PBXBuildFile; fileRef = 2278BE1F1FA9E7160015FD73 /* Assets.xcassets */; };
		2278BE2E1FA9E7170015FD73 /* SwiftChatLibTests.swift in Sources */ = {isa = PBXBuildFile; fileRef = 2278BE2D1FA9E7170015FD73 /* SwiftChatLibTests.swift */; };
		2278BE391FA9E7170015FD73 /* SwiftChatLibUITests.swift in Sources */ = {isa = PBXBuildFile; fileRef = 2278BE381FA9E7170015FD73 /* SwiftChatLibUITests.swift */; };
		227AEDA81FAA2B26001B7202 /* MessengerInputBehaviourDelegate.swift in Sources */ = {isa = PBXBuildFile; fileRef = 227AEDA71FAA2B26001B7202 /* MessengerInputBehaviourDelegate.swift */; };
		227AEDAA1FAA385A001B7202 /* LeftMessengerCell.swift in Sources */ = {isa = PBXBuildFile; fileRef = 227AEDA91FAA385A001B7202 /* LeftMessengerCell.swift */; };
		227AEDAC1FAA39CE001B7202 /* Message.swift in Sources */ = {isa = PBXBuildFile; fileRef = 227AEDAB1FAA39CE001B7202 /* Message.swift */; };
		22CA6C121FA9F0C000EAF761 /* Chat.storyboard in Resources */ = {isa = PBXBuildFile; fileRef = 22CA6C111FA9F0C000EAF761 /* Chat.storyboard */; };
		22CA6C181FA9F50A00EAF761 /* MessengerCollectionView.swift in Sources */ = {isa = PBXBuildFile; fileRef = 22CA6C171FA9F50A00EAF761 /* MessengerCollectionView.swift */; };
		22CA6C1C1FA9F55000EAF761 /* TextInputView.swift in Sources */ = {isa = PBXBuildFile; fileRef = 22CA6C1B1FA9F55000EAF761 /* TextInputView.swift */; };
		22CF50811FB316360067A093 /* SelectInputView.swift in Sources */ = {isa = PBXBuildFile; fileRef = 22CF50801FB316360067A093 /* SelectInputView.swift */; };
		22CF50831FB3224D0067A093 /* SearchSelectInputView.swift in Sources */ = {isa = PBXBuildFile; fileRef = 22CF50821FB3224D0067A093 /* SearchSelectInputView.swift */; };
/* End PBXBuildFile section */

/* Begin PBXContainerItemProxy section */
		2278BE2A1FA9E7170015FD73 /* PBXContainerItemProxy */ = {
			isa = PBXContainerItemProxy;
			containerPortal = 2278BE0D1FA9E7160015FD73 /* Project object */;
			proxyType = 1;
			remoteGlobalIDString = 2278BE141FA9E7160015FD73;
			remoteInfo = SwiftChatLib;
		};
		2278BE351FA9E7170015FD73 /* PBXContainerItemProxy */ = {
			isa = PBXContainerItemProxy;
			containerPortal = 2278BE0D1FA9E7160015FD73 /* Project object */;
			proxyType = 1;
			remoteGlobalIDString = 2278BE141FA9E7160015FD73;
			remoteInfo = SwiftChatLib;
		};
/* End PBXContainerItemProxy section */

/* Begin PBXFileReference section */
		220B70E71FAA56660025DD20 /* AILogic.swift */ = {isa = PBXFileReference; lastKnownFileType = sourcecode.swift; path = AILogic.swift; sourceTree = "<group>"; };
		220B70E91FAA58100025DD20 /* RightMessageCell.swift */ = {isa = PBXFileReference; lastKnownFileType = sourcecode.swift; path = RightMessageCell.swift; sourceTree = "<group>"; };
		2240697E1FAA0B6D0086C8BD /* MessengerInput.swift */ = {isa = PBXFileReference; lastKnownFileType = sourcecode.swift; path = MessengerInput.swift; sourceTree = "<group>"; };
		224069801FAA1E810086C8BD /* InputType.swift */ = {isa = PBXFileReference; lastKnownFileType = sourcecode.swift; path = InputType.swift; sourceTree = "<group>"; };
		224069821FAA22BC0086C8BD /* MessengerBehavoirDelegate.swift */ = {isa = PBXFileReference; lastKnownFileType = sourcecode.swift; path = MessengerBehavoirDelegate.swift; sourceTree = "<group>"; };
		2278BE151FA9E7160015FD73 /* SwiftChatLib.app */ = {isa = PBXFileReference; explicitFileType = wrapper.application; includeInIndex = 0; path = SwiftChatLib.app; sourceTree = BUILT_PRODUCTS_DIR; };
		2278BE181FA9E7160015FD73 /* AppDelegate.swift */ = {isa = PBXFileReference; lastKnownFileType = sourcecode.swift; path = AppDelegate.swift; sourceTree = "<group>"; };
		2278BE1A1FA9E7160015FD73 /* ChatViewController.swift */ = {isa = PBXFileReference; lastKnownFileType = sourcecode.swift; path = ChatViewController.swift; sourceTree = "<group>"; };
		2278BE1F1FA9E7160015FD73 /* Assets.xcassets */ = {isa = PBXFileReference; lastKnownFileType = folder.assetcatalog; path = Assets.xcassets; sourceTree = "<group>"; };
		2278BE241FA9E7160015FD73 /* Info.plist */ = {isa = PBXFileReference; lastKnownFileType = text.plist.xml; path = Info.plist; sourceTree = "<group>"; };
		2278BE291FA9E7170015FD73 /* SwiftChatLibTests.xctest */ = {isa = PBXFileReference; explicitFileType = wrapper.cfbundle; includeInIndex = 0; path = SwiftChatLibTests.xctest; sourceTree = BUILT_PRODUCTS_DIR; };
		2278BE2D1FA9E7170015FD73 /* SwiftChatLibTests.swift */ = {isa = PBXFileReference; lastKnownFileType = sourcecode.swift; path = SwiftChatLibTests.swift; sourceTree = "<group>"; };
		2278BE2F1FA9E7170015FD73 /* Info.plist */ = {isa = PBXFileReference; lastKnownFileType = text.plist.xml; path = Info.plist; sourceTree = "<group>"; };
		2278BE341FA9E7170015FD73 /* SwiftChatLibUITests.xctest */ = {isa = PBXFileReference; explicitFileType = wrapper.cfbundle; includeInIndex = 0; path = SwiftChatLibUITests.xctest; sourceTree = BUILT_PRODUCTS_DIR; };
		2278BE381FA9E7170015FD73 /* SwiftChatLibUITests.swift */ = {isa = PBXFileReference; lastKnownFileType = sourcecode.swift; path = SwiftChatLibUITests.swift; sourceTree = "<group>"; };
		2278BE3A1FA9E7170015FD73 /* Info.plist */ = {isa = PBXFileReference; lastKnownFileType = text.plist.xml; path = Info.plist; sourceTree = "<group>"; };
		227AEDA71FAA2B26001B7202 /* MessengerInputBehaviourDelegate.swift */ = {isa = PBXFileReference; lastKnownFileType = sourcecode.swift; path = MessengerInputBehaviourDelegate.swift; sourceTree = "<group>"; };
		227AEDA91FAA385A001B7202 /* LeftMessengerCell.swift */ = {isa = PBXFileReference; lastKnownFileType = sourcecode.swift; path = LeftMessengerCell.swift; sourceTree = "<group>"; };
		227AEDAB1FAA39CE001B7202 /* Message.swift */ = {isa = PBXFileReference; lastKnownFileType = sourcecode.swift; path = Message.swift; sourceTree = "<group>"; };
		22CA6C111FA9F0C000EAF761 /* Chat.storyboard */ = {isa = PBXFileReference; lastKnownFileType = file.storyboard; path = Chat.storyboard; sourceTree = "<group>"; };
		22CA6C171FA9F50A00EAF761 /* MessengerCollectionView.swift */ = {isa = PBXFileReference; lastKnownFileType = sourcecode.swift; path = MessengerCollectionView.swift; sourceTree = "<group>"; };
		22CA6C1B1FA9F55000EAF761 /* TextInputView.swift */ = {isa = PBXFileReference; lastKnownFileType = sourcecode.swift; path = TextInputView.swift; sourceTree = "<group>"; };
		22CF50801FB316360067A093 /* SelectInputView.swift */ = {isa = PBXFileReference; lastKnownFileType = sourcecode.swift; path = SelectInputView.swift; sourceTree = "<group>"; };
		22CF50821FB3224D0067A093 /* SearchSelectInputView.swift */ = {isa = PBXFileReference; lastKnownFileType = sourcecode.swift; path = SearchSelectInputView.swift; sourceTree = "<group>"; };
/* End PBXFileReference section */

/* Begin PBXFrameworksBuildPhase section */
		2278BE121FA9E7160015FD73 /* Frameworks */ = {
			isa = PBXFrameworksBuildPhase;
			buildActionMask = 2147483647;
			files = (
			);
			runOnlyForDeploymentPostprocessing = 0;
		};
		2278BE261FA9E7170015FD73 /* Frameworks */ = {
			isa = PBXFrameworksBuildPhase;
			buildActionMask = 2147483647;
			files = (
			);
			runOnlyForDeploymentPostprocessing = 0;
		};
		2278BE311FA9E7170015FD73 /* Frameworks */ = {
			isa = PBXFrameworksBuildPhase;
			buildActionMask = 2147483647;
			files = (
			);
			runOnlyForDeploymentPostprocessing = 0;
		};
/* End PBXFrameworksBuildPhase section */

/* Begin PBXGroup section */
		2278BE0C1FA9E7160015FD73 = {
			isa = PBXGroup;
			children = (
				2278BE171FA9E7160015FD73 /* SwiftChatLib */,
				2278BE2C1FA9E7170015FD73 /* SwiftChatLibTests */,
				2278BE371FA9E7170015FD73 /* SwiftChatLibUITests */,
				2278BE161FA9E7160015FD73 /* Products */,
			);
			sourceTree = "<group>";
		};
		2278BE161FA9E7160015FD73 /* Products */ = {
			isa = PBXGroup;
			children = (
				2278BE151FA9E7160015FD73 /* SwiftChatLib.app */,
				2278BE291FA9E7170015FD73 /* SwiftChatLibTests.xctest */,
				2278BE341FA9E7170015FD73 /* SwiftChatLibUITests.xctest */,
			);
			name = Products;
			sourceTree = "<group>";
		};
		2278BE171FA9E7160015FD73 /* SwiftChatLib */ = {
			isa = PBXGroup;
			children = (
				2278BE181FA9E7160015FD73 /* AppDelegate.swift */,
				22CA6C201FA9FA8F00EAF761 /* Inputs */,
				22CA6C1F1FA9FA8300EAF761 /* Messenger */,
				2278BE1A1FA9E7160015FD73 /* ChatViewController.swift */,
				220B70E71FAA56660025DD20 /* AILogic.swift */,
				22CA6C111FA9F0C000EAF761 /* Chat.storyboard */,
				2278BE1F1FA9E7160015FD73 /* Assets.xcassets */,
				2278BE241FA9E7160015FD73 /* Info.plist */,
			);
			path = SwiftChatLib;
			sourceTree = "<group>";
		};
		2278BE2C1FA9E7170015FD73 /* SwiftChatLibTests */ = {
			isa = PBXGroup;
			children = (
				2278BE2D1FA9E7170015FD73 /* SwiftChatLibTests.swift */,
				2278BE2F1FA9E7170015FD73 /* Info.plist */,
			);
			path = SwiftChatLibTests;
			sourceTree = "<group>";
		};
		2278BE371FA9E7170015FD73 /* SwiftChatLibUITests */ = {
			isa = PBXGroup;
			children = (
				2278BE381FA9E7170015FD73 /* SwiftChatLibUITests.swift */,
				2278BE3A1FA9E7170015FD73 /* Info.plist */,
			);
			path = SwiftChatLibUITests;
			sourceTree = "<group>";
		};
		22CA6C1F1FA9FA8300EAF761 /* Messenger */ = {
			isa = PBXGroup;
			children = (
				22CA6C171FA9F50A00EAF761 /* MessengerCollectionView.swift */,
				224069821FAA22BC0086C8BD /* MessengerBehavoirDelegate.swift */,
				227AEDA91FAA385A001B7202 /* LeftMessengerCell.swift */,
				220B70E91FAA58100025DD20 /* RightMessageCell.swift */,
				227AEDAB1FAA39CE001B7202 /* Message.swift */,
			);
			path = Messenger;
			sourceTree = "<group>";
		};
		22CA6C201FA9FA8F00EAF761 /* Inputs */ = {
			isa = PBXGroup;
			children = (
				22CF50821FB3224D0067A093 /* SearchSelectInputView.swift */,
				22CF50801FB316360067A093 /* SelectInputView.swift */,
				22CA6C1B1FA9F55000EAF761 /* TextInputView.swift */,
				2240697E1FAA0B6D0086C8BD /* MessengerInput.swift */,
				224069801FAA1E810086C8BD /* InputType.swift */,
				227AEDA71FAA2B26001B7202 /* MessengerInputBehaviourDelegate.swift */,
			);
			path = Inputs;
			sourceTree = "<group>";
		};
/* End PBXGroup section */

/* Begin PBXNativeTarget section */
		2278BE141FA9E7160015FD73 /* SwiftChatLib */ = {
			isa = PBXNativeTarget;
			buildConfigurationList = 2278BE3D1FA9E7170015FD73 /* Build configuration list for PBXNativeTarget "SwiftChatLib" */;
			buildPhases = (
				2278BE111FA9E7160015FD73 /* Sources */,
				2278BE121FA9E7160015FD73 /* Frameworks */,
				2278BE131FA9E7160015FD73 /* Resources */,
			);
			buildRules = (
			);
			dependencies = (
			);
			name = SwiftChatLib;
			productName = SwiftChatLib;
			productReference = 2278BE151FA9E7160015FD73 /* SwiftChatLib.app */;
			productType = "com.apple.product-type.application";
		};
		2278BE281FA9E7170015FD73 /* SwiftChatLibTests */ = {
			isa = PBXNativeTarget;
			buildConfigurationList = 2278BE401FA9E7170015FD73 /* Build configuration list for PBXNativeTarget "SwiftChatLibTests" */;
			buildPhases = (
				2278BE251FA9E7170015FD73 /* Sources */,
				2278BE261FA9E7170015FD73 /* Frameworks */,
				2278BE271FA9E7170015FD73 /* Resources */,
			);
			buildRules = (
			);
			dependencies = (
				2278BE2B1FA9E7170015FD73 /* PBXTargetDependency */,
			);
			name = SwiftChatLibTests;
			productName = SwiftChatLibTests;
			productReference = 2278BE291FA9E7170015FD73 /* SwiftChatLibTests.xctest */;
			productType = "com.apple.product-type.bundle.unit-test";
		};
		2278BE331FA9E7170015FD73 /* SwiftChatLibUITests */ = {
			isa = PBXNativeTarget;
			buildConfigurationList = 2278BE431FA9E7170015FD73 /* Build configuration list for PBXNativeTarget "SwiftChatLibUITests" */;
			buildPhases = (
				2278BE301FA9E7170015FD73 /* Sources */,
				2278BE311FA9E7170015FD73 /* Frameworks */,
				2278BE321FA9E7170015FD73 /* Resources */,
			);
			buildRules = (
			);
			dependencies = (
				2278BE361FA9E7170015FD73 /* PBXTargetDependency */,
			);
			name = SwiftChatLibUITests;
			productName = SwiftChatLibUITests;
			productReference = 2278BE341FA9E7170015FD73 /* SwiftChatLibUITests.xctest */;
			productType = "com.apple.product-type.bundle.ui-testing";
		};
/* End PBXNativeTarget section */

/* Begin PBXProject section */
		2278BE0D1FA9E7160015FD73 /* Project object */ = {
			isa = PBXProject;
			attributes = {
				LastSwiftUpdateCheck = 0900;
				LastUpgradeCheck = 0900;
				ORGANIZATIONNAME = "Alexandru Toma";
				TargetAttributes = {
					2278BE141FA9E7160015FD73 = {
						CreatedOnToolsVersion = 9.0;
						ProvisioningStyle = Automatic;
					};
					2278BE281FA9E7170015FD73 = {
						CreatedOnToolsVersion = 9.0;
						ProvisioningStyle = Automatic;
						TestTargetID = 2278BE141FA9E7160015FD73;
					};
					2278BE331FA9E7170015FD73 = {
						CreatedOnToolsVersion = 9.0;
						ProvisioningStyle = Automatic;
						TestTargetID = 2278BE141FA9E7160015FD73;
					};
				};
			};
			buildConfigurationList = 2278BE101FA9E7160015FD73 /* Build configuration list for PBXProject "SwiftChatLib" */;
			compatibilityVersion = "Xcode 8.0";
			developmentRegion = en;
			hasScannedForEncodings = 0;
			knownRegions = (
				en,
				Base,
			);
			mainGroup = 2278BE0C1FA9E7160015FD73;
			productRefGroup = 2278BE161FA9E7160015FD73 /* Products */;
			projectDirPath = "";
			projectRoot = "";
			targets = (
				2278BE141FA9E7160015FD73 /* SwiftChatLib */,
				2278BE281FA9E7170015FD73 /* SwiftChatLibTests */,
				2278BE331FA9E7170015FD73 /* SwiftChatLibUITests */,
			);
		};
/* End PBXProject section */

/* Begin PBXResourcesBuildPhase section */
		2278BE131FA9E7160015FD73 /* Resources */ = {
			isa = PBXResourcesBuildPhase;
			buildActionMask = 2147483647;
			files = (
				22CA6C121FA9F0C000EAF761 /* Chat.storyboard in Resources */,
				2278BE201FA9E7160015FD73 /* Assets.xcassets in Resources */,
			);
			runOnlyForDeploymentPostprocessing = 0;
		};
		2278BE271FA9E7170015FD73 /* Resources */ = {
			isa = PBXResourcesBuildPhase;
			buildActionMask = 2147483647;
			files = (
			);
			runOnlyForDeploymentPostprocessing = 0;
		};
		2278BE321FA9E7170015FD73 /* Resources */ = {
			isa = PBXResourcesBuildPhase;
			buildActionMask = 2147483647;
			files = (
			);
			runOnlyForDeploymentPostprocessing = 0;
		};
/* End PBXResourcesBuildPhase section */

/* Begin PBXSourcesBuildPhase section */
		2278BE111FA9E7160015FD73 /* Sources */ = {
			isa = PBXSourcesBuildPhase;
			buildActionMask = 2147483647;
			files = (
				220B70EA1FAA58100025DD20 /* RightMessageCell.swift in Sources */,
				2240697F1FAA0B6D0086C8BD /* MessengerInput.swift in Sources */,
				227AEDA81FAA2B26001B7202 /* MessengerInputBehaviourDelegate.swift in Sources */,
				22CA6C181FA9F50A00EAF761 /* MessengerCollectionView.swift in Sources */,
				2278BE1B1FA9E7160015FD73 /* ChatViewController.swift in Sources */,
				224069831FAA22BC0086C8BD /* MessengerBehavoirDelegate.swift in Sources */,
				227AEDAA1FAA385A001B7202 /* LeftMessengerCell.swift in Sources */,
				2278BE191FA9E7160015FD73 /* AppDelegate.swift in Sources */,
				220B70E81FAA56660025DD20 /* AILogic.swift in Sources */,
				22CF50831FB3224D0067A093 /* SearchSelectInputView.swift in Sources */,
				227AEDAC1FAA39CE001B7202 /* Message.swift in Sources */,
				22CF50811FB316360067A093 /* SelectInputView.swift in Sources */,
				224069811FAA1E810086C8BD /* InputType.swift in Sources */,
				22CA6C1C1FA9F55000EAF761 /* TextInputView.swift in Sources */,
			);
			runOnlyForDeploymentPostprocessing = 0;
		};
		2278BE251FA9E7170015FD73 /* Sources */ = {
			isa = PBXSourcesBuildPhase;
			buildActionMask = 2147483647;
			files = (
				2278BE2E1FA9E7170015FD73 /* SwiftChatLibTests.swift in Sources */,
			);
			runOnlyForDeploymentPostprocessing = 0;
		};
		2278BE301FA9E7170015FD73 /* Sources */ = {
			isa = PBXSourcesBuildPhase;
			buildActionMask = 2147483647;
			files = (
				2278BE391FA9E7170015FD73 /* SwiftChatLibUITests.swift in Sources */,
			);
			runOnlyForDeploymentPostprocessing = 0;
		};
/* End PBXSourcesBuildPhase section */

/* Begin PBXTargetDependency section */
		2278BE2B1FA9E7170015FD73 /* PBXTargetDependency */ = {
			isa = PBXTargetDependency;
			target = 2278BE141FA9E7160015FD73 /* SwiftChatLib */;
			targetProxy = 2278BE2A1FA9E7170015FD73 /* PBXContainerItemProxy */;
		};
		2278BE361FA9E7170015FD73 /* PBXTargetDependency */ = {
			isa = PBXTargetDependency;
			target = 2278BE141FA9E7160015FD73 /* SwiftChatLib */;
			targetProxy = 2278BE351FA9E7170015FD73 /* PBXContainerItemProxy */;
		};
/* End PBXTargetDependency section */

/* Begin XCBuildConfiguration section */
		2278BE3B1FA9E7170015FD73 /* Debug */ = {
			isa = XCBuildConfiguration;
			buildSettings = {
				ALWAYS_SEARCH_USER_PATHS = NO;
				CLANG_ANALYZER_NONNULL = YES;
				CLANG_ANALYZER_NUMBER_OBJECT_CONVERSION = YES_AGGRESSIVE;
				CLANG_CXX_LANGUAGE_STANDARD = "gnu++14";
				CLANG_CXX_LIBRARY = "libc++";
				CLANG_ENABLE_MODULES = YES;
				CLANG_ENABLE_OBJC_ARC = YES;
				CLANG_WARN_BLOCK_CAPTURE_AUTORELEASING = YES;
				CLANG_WARN_BOOL_CONVERSION = YES;
				CLANG_WARN_COMMA = YES;
				CLANG_WARN_CONSTANT_CONVERSION = YES;
				CLANG_WARN_DIRECT_OBJC_ISA_USAGE = YES_ERROR;
				CLANG_WARN_DOCUMENTATION_COMMENTS = YES;
				CLANG_WARN_EMPTY_BODY = YES;
				CLANG_WARN_ENUM_CONVERSION = YES;
				CLANG_WARN_INFINITE_RECURSION = YES;
				CLANG_WARN_INT_CONVERSION = YES;
				CLANG_WARN_NON_LITERAL_NULL_CONVERSION = YES;
				CLANG_WARN_OBJC_LITERAL_CONVERSION = YES;
				CLANG_WARN_OBJC_ROOT_CLASS = YES_ERROR;
				CLANG_WARN_RANGE_LOOP_ANALYSIS = YES;
				CLANG_WARN_STRICT_PROTOTYPES = YES;
				CLANG_WARN_SUSPICIOUS_MOVE = YES;
				CLANG_WARN_UNGUARDED_AVAILABILITY = YES_AGGRESSIVE;
				CLANG_WARN_UNREACHABLE_CODE = YES;
				CLANG_WARN__DUPLICATE_METHOD_MATCH = YES;
				CODE_SIGN_IDENTITY = "iPhone Developer";
				COPY_PHASE_STRIP = NO;
				DEBUG_INFORMATION_FORMAT = dwarf;
				ENABLE_STRICT_OBJC_MSGSEND = YES;
				ENABLE_TESTABILITY = YES;
				GCC_C_LANGUAGE_STANDARD = gnu11;
				GCC_DYNAMIC_NO_PIC = NO;
				GCC_NO_COMMON_BLOCKS = YES;
				GCC_OPTIMIZATION_LEVEL = 0;
				GCC_PREPROCESSOR_DEFINITIONS = (
					"DEBUG=1",
					"$(inherited)",
				);
				GCC_WARN_64_TO_32_BIT_CONVERSION = YES;
				GCC_WARN_ABOUT_RETURN_TYPE = YES_ERROR;
				GCC_WARN_UNDECLARED_SELECTOR = YES;
				GCC_WARN_UNINITIALIZED_AUTOS = YES_AGGRESSIVE;
				GCC_WARN_UNUSED_FUNCTION = YES;
				GCC_WARN_UNUSED_VARIABLE = YES;
				IPHONEOS_DEPLOYMENT_TARGET = 11.0;
				MTL_ENABLE_DEBUG_INFO = YES;
				ONLY_ACTIVE_ARCH = YES;
				SDKROOT = iphoneos;
				SWIFT_ACTIVE_COMPILATION_CONDITIONS = DEBUG;
				SWIFT_OPTIMIZATION_LEVEL = "-Onone";
			};
			name = Debug;
		};
		2278BE3C1FA9E7170015FD73 /* Release */ = {
			isa = XCBuildConfiguration;
			buildSettings = {
				ALWAYS_SEARCH_USER_PATHS = NO;
				CLANG_ANALYZER_NONNULL = YES;
				CLANG_ANALYZER_NUMBER_OBJECT_CONVERSION = YES_AGGRESSIVE;
				CLANG_CXX_LANGUAGE_STANDARD = "gnu++14";
				CLANG_CXX_LIBRARY = "libc++";
				CLANG_ENABLE_MODULES = YES;
				CLANG_ENABLE_OBJC_ARC = YES;
				CLANG_WARN_BLOCK_CAPTURE_AUTORELEASING = YES;
				CLANG_WARN_BOOL_CONVERSION = YES;
				CLANG_WARN_COMMA = YES;
				CLANG_WARN_CONSTANT_CONVERSION = YES;
				CLANG_WARN_DIRECT_OBJC_ISA_USAGE = YES_ERROR;
				CLANG_WARN_DOCUMENTATION_COMMENTS = YES;
				CLANG_WARN_EMPTY_BODY = YES;
				CLANG_WARN_ENUM_CONVERSION = YES;
				CLANG_WARN_INFINITE_RECURSION = YES;
				CLANG_WARN_INT_CONVERSION = YES;
				CLANG_WARN_NON_LITERAL_NULL_CONVERSION = YES;
				CLANG_WARN_OBJC_LITERAL_CONVERSION = YES;
				CLANG_WARN_OBJC_ROOT_CLASS = YES_ERROR;
				CLANG_WARN_RANGE_LOOP_ANALYSIS = YES;
				CLANG_WARN_STRICT_PROTOTYPES = YES;
				CLANG_WARN_SUSPICIOUS_MOVE = YES;
				CLANG_WARN_UNGUARDED_AVAILABILITY = YES_AGGRESSIVE;
				CLANG_WARN_UNREACHABLE_CODE = YES;
				CLANG_WARN__DUPLICATE_METHOD_MATCH = YES;
				CODE_SIGN_IDENTITY = "iPhone Developer";
				COPY_PHASE_STRIP = NO;
				DEBUG_INFORMATION_FORMAT = "dwarf-with-dsym";
				ENABLE_NS_ASSERTIONS = NO;
				ENABLE_STRICT_OBJC_MSGSEND = YES;
				GCC_C_LANGUAGE_STANDARD = gnu11;
				GCC_NO_COMMON_BLOCKS = YES;
				GCC_WARN_64_TO_32_BIT_CONVERSION = YES;
				GCC_WARN_ABOUT_RETURN_TYPE = YES_ERROR;
				GCC_WARN_UNDECLARED_SELECTOR = YES;
				GCC_WARN_UNINITIALIZED_AUTOS = YES_AGGRESSIVE;
				GCC_WARN_UNUSED_FUNCTION = YES;
				GCC_WARN_UNUSED_VARIABLE = YES;
				IPHONEOS_DEPLOYMENT_TARGET = 11.0;
				MTL_ENABLE_DEBUG_INFO = NO;
				SDKROOT = iphoneos;
				SWIFT_OPTIMIZATION_LEVEL = "-Owholemodule";
				VALIDATE_PRODUCT = YES;
			};
			name = Release;
		};
		2278BE3E1FA9E7170015FD73 /* Debug */ = {
			isa = XCBuildConfiguration;
			buildSettings = {
				ASSETCATALOG_COMPILER_APPICON_NAME = AppIcon;
				CODE_SIGN_STYLE = Automatic;
				DEVELOPMENT_TEAM = 2HD6GD9MAB;
				INFOPLIST_FILE = SwiftChatLib/Info.plist;
				LD_RUNPATH_SEARCH_PATHS = "$(inherited) @executable_path/Frameworks";
				PRODUCT_BUNDLE_IDENTIFIER = wagel.SwiftChatLib;
				PRODUCT_NAME = "$(TARGET_NAME)";
				SWIFT_VERSION = 4.0;
				TARGETED_DEVICE_FAMILY = "1,2";
			};
			name = Debug;
		};
		2278BE3F1FA9E7170015FD73 /* Release */ = {
			isa = XCBuildConfiguration;
			buildSettings = {
				ASSETCATALOG_COMPILER_APPICON_NAME = AppIcon;
				CODE_SIGN_STYLE = Automatic;
				DEVELOPMENT_TEAM = 2HD6GD9MAB;
				INFOPLIST_FILE = SwiftChatLib/Info.plist;
				LD_RUNPATH_SEARCH_PATHS = "$(inherited) @executable_path/Frameworks";
				PRODUCT_BUNDLE_IDENTIFIER = wagel.SwiftChatLib;
				PRODUCT_NAME = "$(TARGET_NAME)";
				SWIFT_VERSION = 4.0;
				TARGETED_DEVICE_FAMILY = "1,2";
			};
			name = Release;
		};
		2278BE411FA9E7170015FD73 /* Debug */ = {
			isa = XCBuildConfiguration;
			buildSettings = {
				ALWAYS_EMBED_SWIFT_STANDARD_LIBRARIES = YES;
				BUNDLE_LOADER = "$(TEST_HOST)";
				CODE_SIGN_STYLE = Automatic;
				DEVELOPMENT_TEAM = 2HD6GD9MAB;
				INFOPLIST_FILE = SwiftChatLibTests/Info.plist;
				LD_RUNPATH_SEARCH_PATHS = "$(inherited) @executable_path/Frameworks @loader_path/Frameworks";
				PRODUCT_BUNDLE_IDENTIFIER = wagel.SwiftChatLibTests;
				PRODUCT_NAME = "$(TARGET_NAME)";
				SWIFT_VERSION = 4.0;
				TARGETED_DEVICE_FAMILY = "1,2";
				TEST_HOST = "$(BUILT_PRODUCTS_DIR)/SwiftChatLib.app/SwiftChatLib";
			};
			name = Debug;
		};
		2278BE421FA9E7170015FD73 /* Release */ = {
			isa = XCBuildConfiguration;
			buildSettings = {
				ALWAYS_EMBED_SWIFT_STANDARD_LIBRARIES = YES;
				BUNDLE_LOADER = "$(TEST_HOST)";
				CODE_SIGN_STYLE = Automatic;
				DEVELOPMENT_TEAM = 2HD6GD9MAB;
				INFOPLIST_FILE = SwiftChatLibTests/Info.plist;
				LD_RUNPATH_SEARCH_PATHS = "$(inherited) @executable_path/Frameworks @loader_path/Frameworks";
				PRODUCT_BUNDLE_IDENTIFIER = wagel.SwiftChatLibTests;
				PRODUCT_NAME = "$(TARGET_NAME)";
				SWIFT_VERSION = 4.0;
				TARGETED_DEVICE_FAMILY = "1,2";
				TEST_HOST = "$(BUILT_PRODUCTS_DIR)/SwiftChatLib.app/SwiftChatLib";
			};
			name = Release;
		};
		2278BE441FA9E7170015FD73 /* Debug */ = {
			isa = XCBuildConfiguration;
			buildSettings = {
				ALWAYS_EMBED_SWIFT_STANDARD_LIBRARIES = YES;
				CODE_SIGN_STYLE = Automatic;
				DEVELOPMENT_TEAM = 2HD6GD9MAB;
				INFOPLIST_FILE = SwiftChatLibUITests/Info.plist;
				LD_RUNPATH_SEARCH_PATHS = "$(inherited) @executable_path/Frameworks @loader_path/Frameworks";
				PRODUCT_BUNDLE_IDENTIFIER = wagel.SwiftChatLibUITests;
				PRODUCT_NAME = "$(TARGET_NAME)";
				SWIFT_VERSION = 4.0;
				TARGETED_DEVICE_FAMILY = "1,2";
				TEST_TARGET_NAME = SwiftChatLib;
			};
			name = Debug;
		};
		2278BE451FA9E7170015FD73 /* Release */ = {
			isa = XCBuildConfiguration;
			buildSettings = {
				ALWAYS_EMBED_SWIFT_STANDARD_LIBRARIES = YES;
				CODE_SIGN_STYLE = Automatic;
				DEVELOPMENT_TEAM = 2HD6GD9MAB;
				INFOPLIST_FILE = SwiftChatLibUITests/Info.plist;
				LD_RUNPATH_SEARCH_PATHS = "$(inherited) @executable_path/Frameworks @loader_path/Frameworks";
				PRODUCT_BUNDLE_IDENTIFIER = wagel.SwiftChatLibUITests;
				PRODUCT_NAME = "$(TARGET_NAME)";
				SWIFT_VERSION = 4.0;
				TARGETED_DEVICE_FAMILY = "1,2";
				TEST_TARGET_NAME = SwiftChatLib;
			};
			name = Release;
		};
/* End XCBuildConfiguration section */

/* Begin XCConfigurationList section */
		2278BE101FA9E7160015FD73 /* Build configuration list for PBXProject "SwiftChatLib" */ = {
			isa = XCConfigurationList;
			buildConfigurations = (
				2278BE3B1FA9E7170015FD73 /* Debug */,
				2278BE3C1FA9E7170015FD73 /* Release */,
			);
			defaultConfigurationIsVisible = 0;
			defaultConfigurationName = Release;
		};
		2278BE3D1FA9E7170015FD73 /* Build configuration list for PBXNativeTarget "SwiftChatLib" */ = {
			isa = XCConfigurationList;
			buildConfigurations = (
				2278BE3E1FA9E7170015FD73 /* Debug */,
				2278BE3F1FA9E7170015FD73 /* Release */,
			);
			defaultConfigurationIsVisible = 0;
			defaultConfigurationName = Release;
		};
		2278BE401FA9E7170015FD73 /* Build configuration list for PBXNativeTarget "SwiftChatLibTests" */ = {
			isa = XCConfigurationList;
			buildConfigurations = (
				2278BE411FA9E7170015FD73 /* Debug */,
				2278BE421FA9E7170015FD73 /* Release */,
			);
			defaultConfigurationIsVisible = 0;
			defaultConfigurationName = Release;
		};
		2278BE431FA9E7170015FD73 /* Build configuration list for PBXNativeTarget "SwiftChatLibUITests" */ = {
			isa = XCConfigurationList;
			buildConfigurations = (
				2278BE441FA9E7170015FD73 /* Debug */,
				2278BE451FA9E7170015FD73 /* Release */,
			);
			defaultConfigurationIsVisible = 0;
			defaultConfigurationName = Release;
		};
/* End XCConfigurationList section */
	};
	rootObject = 2278BE0D1FA9E7160015FD73 /* Project object */;
}
